
Microsoft Visual Studio Solution File, Format Version 12.00
# Visual Studio Version 17
VisualStudioVersion = 17.9.34714.143
MinimumVisualStudioVersion = 10.0.40219.1
Project("{FAE04EC0-301F-11D3-BF4B-00C04F79EFBC}") = "MvcOnlineTricariOtomasyon", "MvcOnlineTricariOtomasyon.csproj", "{7085DE6F-E719-4011-B6AC-87F714E3AA27}"
EndProject
Global
	GlobalSection(SolutionConfigurationPlatforms) = preSolution
		Debug|Any CPU = Debug|Any CPU
		Release|Any CPU = Release|Any CPU
	EndGlobalSection
	GlobalSection(ProjectConfigurationPlatforms) = postSolution
		{7085DE6F-E719-4011-B6AC-87F714E3AA27}.Debug|Any CPU.ActiveCfg = Debug|Any CPU
		{7085DE6F-E719-4011-B6AC-87F714E3AA27}.Debug|Any CPU.Build.0 = Debug|Any CPU
		{7085DE6F-E719-4011-B6AC-87F714E3AA27}.Release|Any CPU.ActiveCfg = Release|Any CPU
		{7085DE6F-E719-4011-B6AC-87F714E3AA27}.Release|Any CPU.Build.0 = Release|Any CPU
	EndGlobalSection
	GlobalSection(SolutionProperties) = preSolution
		HideSolutionNode = FALSE
	EndGlobalSection
	GlobalSection(ExtensibilityGlobals) = postSolution
		SolutionGuid = {771C5000-9A69-493F-9F21-7B877C20E2FC}
	EndGlobalSection
EndGlobal
